
Microsoft Visual Studio Solution File, Format Version 12.00
# Visual Studio 15
VisualStudioVersion = 15.0.28307.1145
MinimumVisualStudioVersion = 10.0.40219.1
Project("{FAE04EC0-301F-11D3-BF4B-00C04F79EFBC}") = "Saas Product Import", "Saas Product Import\Saas Product Import.csproj", "{A89C3939-673F-4842-8353-3E5A5D9114A2}"
EndProject
Project("{FAE04EC0-301F-11D3-BF4B-00C04F79EFBC}") = "SaaS Product Import Test", "SaaS Product Import Test\SaaS Product Import Test.csproj", "{9553206E-E6B0-4E1F-8F91-30331FE044A0}"
EndProject
Global
	GlobalSection(SolutionConfigurationPlatforms) = preSolution
		Debug|Any CPU = Debug|Any CPU
		Release|Any CPU = Release|Any CPU
	EndGlobalSection
	GlobalSection(ProjectConfigurationPlatforms) = postSolution
		{A89C3939-673F-4842-8353-3E5A5D9114A2}.Debug|Any CPU.ActiveCfg = Debug|Any CPU
		{A89C3939-673F-4842-8353-3E5A5D9114A2}.Debug|Any CPU.Build.0 = Debug|Any CPU
		{A89C3939-673F-4842-8353-3E5A5D9114A2}.Release|Any CPU.ActiveCfg = Release|Any CPU
		{A89C3939-673F-4842-8353-3E5A5D9114A2}.Release|Any CPU.Build.0 = Release|Any CPU
		{9553206E-E6B0-4E1F-8F91-30331FE044A0}.Debug|Any CPU.ActiveCfg = Debug|Any CPU
		{9553206E-E6B0-4E1F-8F91-30331FE044A0}.Debug|Any CPU.Build.0 = Debug|Any CPU
		{9553206E-E6B0-4E1F-8F91-30331FE044A0}.Release|Any CPU.ActiveCfg = Release|Any CPU
		{9553206E-E6B0-4E1F-8F91-30331FE044A0}.Release|Any CPU.Build.0 = Release|Any CPU
	EndGlobalSection
	GlobalSection(SolutionProperties) = preSolution
		HideSolutionNode = FALSE
	EndGlobalSection
	GlobalSection(ExtensibilityGlobals) = postSolution
		SolutionGuid = {11B107B8-C55B-4918-9848-C92382817563}
	EndGlobalSection
EndGlobal
